
Microsoft Visual Studio Solution File, Format Version 12.00
# Visual Studio Version 17
VisualStudioVersion = 17.4.33205.214
MinimumVisualStudioVersion = 10.0.40219.1
Project("{9A19103F-16F7-4668-BE54-9A1E7A4F7556}") = "POO1_Module15_ExperimentationLINQ", "POO1_Module15_ExperimentationLINQ\POO1_Module15_ExperimentationLINQ.csproj", "{5DE864B3-CBCB-406E-8424-E16012B9DC05}"
EndProject
Project("{FAE04EC0-301F-11D3-BF4B-00C04F79EFBC}") = "Introduction_LINQ", "Introduction_LINQ\Introduction_LINQ.csproj", "{0D3016D3-E2A9-48C6-ADD3-D0722C21BF9A}"
EndProject
Global
	GlobalSection(SolutionConfigurationPlatforms) = preSolution
		Debug|Any CPU = Debug|Any CPU
		Release|Any CPU = Release|Any CPU
	EndGlobalSection
	GlobalSection(ProjectConfigurationPlatforms) = postSolution
		{5DE864B3-CBCB-406E-8424-E16012B9DC05}.Debug|Any CPU.ActiveCfg = Debug|Any CPU
		{5DE864B3-CBCB-406E-8424-E16012B9DC05}.Debug|Any CPU.Build.0 = Debug|Any CPU
		{5DE864B3-CBCB-406E-8424-E16012B9DC05}.Release|Any CPU.ActiveCfg = Release|Any CPU
		{5DE864B3-CBCB-406E-8424-E16012B9DC05}.Release|Any CPU.Build.0 = Release|Any CPU
		{0D3016D3-E2A9-48C6-ADD3-D0722C21BF9A}.Debug|Any CPU.ActiveCfg = Debug|Any CPU
		{0D3016D3-E2A9-48C6-ADD3-D0722C21BF9A}.Debug|Any CPU.Build.0 = Debug|Any CPU
		{0D3016D3-E2A9-48C6-ADD3-D0722C21BF9A}.Release|Any CPU.ActiveCfg = Release|Any CPU
		{0D3016D3-E2A9-48C6-ADD3-D0722C21BF9A}.Release|Any CPU.Build.0 = Release|Any CPU
	EndGlobalSection
	GlobalSection(SolutionProperties) = preSolution
		HideSolutionNode = FALSE
	EndGlobalSection
	GlobalSection(ExtensibilityGlobals) = postSolution
		SolutionGuid = {A7B8AE48-BE8D-4157-BC0C-58E00E9485B6}
	EndGlobalSection
EndGlobal
